// !$*UTF8*$!
{
	archiveVersion = 1;
	classes = {
	};
	objectVersion = 50;
	objects = {

/* Begin PBXBuildFile section */
		490B44A422EB03C90014DB61 /* AppDelegate.swift in Sources */ = {isa = PBXBuildFile; fileRef = 490B44A322EB03C90014DB61 /* AppDelegate.swift */; };
		490B44A622EB03C90014DB61 /* SceneDelegate.swift in Sources */ = {isa = PBXBuildFile; fileRef = 490B44A522EB03C90014DB61 /* SceneDelegate.swift */; };
		490B44A922EB03C90014DB61 /* DoinIt.xcdatamodeld in Sources */ = {isa = PBXBuildFile; fileRef = 490B44A722EB03C90014DB61 /* DoinIt.xcdatamodeld */; };
		490B44AB22EB03C90014DB61 /* ContentView.swift in Sources */ = {isa = PBXBuildFile; fileRef = 490B44AA22EB03C90014DB61 /* ContentView.swift */; };
		490B44AD22EB03CA0014DB61 /* Assets.xcassets in Resources */ = {isa = PBXBuildFile; fileRef = 490B44AC22EB03CA0014DB61 /* Assets.xcassets */; };
		490B44B022EB03CA0014DB61 /* Preview Assets.xcassets in Resources */ = {isa = PBXBuildFile; fileRef = 490B44AF22EB03CA0014DB61 /* Preview Assets.xcassets */; };
		490B44B322EB03CA0014DB61 /* LaunchScreen.storyboard in Resources */ = {isa = PBXBuildFile; fileRef = 490B44B122EB03CA0014DB61 /* LaunchScreen.storyboard */; };
		4932DB1C22EC903200C154FF /* ToDoDetail.swift in Sources */ = {isa = PBXBuildFile; fileRef = 4932DB1B22EC903200C154FF /* ToDoDetail.swift */; };
		4932DB1E22ED05B300C154FF /* NewToDo.swift in Sources */ = {isa = PBXBuildFile; fileRef = 4932DB1D22ED05B300C154FF /* NewToDo.swift */; };
		49F6669D22EC7F7A007E4FAD /* ToDoRow.swift in Sources */ = {isa = PBXBuildFile; fileRef = 49F6669C22EC7F7A007E4FAD /* ToDoRow.swift */; };
		49F6669F22EC7F9B007E4FAD /* ToDo.swift in Sources */ = {isa = PBXBuildFile; fileRef = 49F6669E22EC7F9B007E4FAD /* ToDo.swift */; };
/* End PBXBuildFile section */

/* Begin PBXFileReference section */
		490B44A022EB03C90014DB61 /* DoinIt.app */ = {isa = PBXFileReference; explicitFileType = wrapper.application; includeInIndex = 0; path = DoinIt.app; sourceTree = BUILT_PRODUCTS_DIR; };
		490B44A322EB03C90014DB61 /* AppDelegate.swift */ = {isa = PBXFileReference; lastKnownFileType = sourcecode.swift; path = AppDelegate.swift; sourceTree = "<group>"; };
		490B44A522EB03C90014DB61 /* SceneDelegate.swift */ = {isa = PBXFileReference; lastKnownFileType = sourcecode.swift; path = SceneDelegate.swift; sourceTree = "<group>"; };
		490B44A822EB03C90014DB61 /* DoinIt.xcdatamodel */ = {isa = PBXFileReference; lastKnownFileType = wrapper.xcdatamodel; path = DoinIt.xcdatamodel; sourceTree = "<group>"; };
		490B44AA22EB03C90014DB61 /* ContentView.swift */ = {isa = PBXFileReference; lastKnownFileType = sourcecode.swift; path = ContentView.swift; sourceTree = "<group>"; };
		490B44AC22EB03CA0014DB61 /* Assets.xcassets */ = {isa = PBXFileReference; lastKnownFileType = folder.assetcatalog; path = Assets.xcassets; sourceTree = "<group>"; };
		490B44AF22EB03CA0014DB61 /* Preview Assets.xcassets */ = {isa = PBXFileReference; lastKnownFileType = folder.assetcatalog; path = "Preview Assets.xcassets"; sourceTree = "<group>"; };
		490B44B222EB03CA0014DB61 /* Base */ = {isa = PBXFileReference; lastKnownFileType = file.storyboard; name = Base; path = Base.lproj/LaunchScreen.storyboard; sourceTree = "<group>"; };
		490B44B422EB03CA0014DB61 /* Info.plist */ = {isa = PBXFileReference; lastKnownFileType = text.plist.xml; path = Info.plist; sourceTree = "<group>"; };
		4932DB1B22EC903200C154FF /* ToDoDetail.swift */ = {isa = PBXFileReference; lastKnownFileType = sourcecode.swift; name = ToDoDetail.swift; path = ../../../../../System/Volumes/Data/Users/andrew/Development/DoinIt/DoinIt/ToDoDetail.swift; sourceTree = "<group>"; };
		4932DB1D22ED05B300C154FF /* NewToDo.swift */ = {isa = PBXFileReference; lastKnownFileType = sourcecode.swift; name = NewToDo.swift; path = ../../../../../System/Volumes/Data/Users/andrew/Development/DoinIt/DoinIt/NewToDo.swift; sourceTree = "<group>"; };
		49F6669C22EC7F7A007E4FAD /* ToDoRow.swift */ = {isa = PBXFileReference; lastKnownFileType = sourcecode.swift; path = ToDoRow.swift; sourceTree = "<group>"; };
		49F6669E22EC7F9B007E4FAD /* ToDo.swift */ = {isa = PBXFileReference; lastKnownFileType = sourcecode.swift; path = ToDo.swift; sourceTree = "<group>"; };
/* End PBXFileReference section */

/* Begin PBXFrameworksBuildPhase section */
		490B449D22EB03C90014DB61 /* Frameworks */ = {
			isa = PBXFrameworksBuildPhase;
			buildActionMask = 2147483647;
			files = (
			);
			runOnlyForDeploymentPostprocessing = 0;
		};
/* End PBXFrameworksBuildPhase section */

/* Begin PBXGroup section */
		490B449722EB03C90014DB61 = {
			isa = PBXGroup;
			children = (
				490B44A222EB03C90014DB61 /* DoinIt */,
				490B44A122EB03C90014DB61 /* Products */,
			);
			sourceTree = "<group>";
		};
		490B44A122EB03C90014DB61 /* Products */ = {
			isa = PBXGroup;
			children = (
				490B44A022EB03C90014DB61 /* DoinIt.app */,
			);
			name = Products;
			sourceTree = "<group>";
		};
		490B44A222EB03C90014DB61 /* DoinIt */ = {
			isa = PBXGroup;
			children = (
				49F6669E22EC7F9B007E4FAD /* ToDo.swift */,
				4932DB1B22EC903200C154FF /* ToDoDetail.swift */,
				49F6669C22EC7F7A007E4FAD /* ToDoRow.swift */,
				490B44A322EB03C90014DB61 /* AppDelegate.swift */,
				490B44A522EB03C90014DB61 /* SceneDelegate.swift */,
				490B44AA22EB03C90014DB61 /* ContentView.swift */,
				4932DB1D22ED05B300C154FF /* NewToDo.swift */,
				490B44AC22EB03CA0014DB61 /* Assets.xcassets */,
				490B44B122EB03CA0014DB61 /* LaunchScreen.storyboard */,
				490B44B422EB03CA0014DB61 /* Info.plist */,
				490B44A722EB03C90014DB61 /* DoinIt.xcdatamodeld */,
				490B44AE22EB03CA0014DB61 /* Preview Content */,
			);
			path = DoinIt;
			sourceTree = "<group>";
		};
		490B44AE22EB03CA0014DB61 /* Preview Content */ = {
			isa = PBXGroup;
			children = (
				490B44AF22EB03CA0014DB61 /* Preview Assets.xcassets */,
			);
			path = "Preview Content";
			sourceTree = "<group>";
		};
/* End PBXGroup section */

/* Begin PBXNativeTarget section */
		490B449F22EB03C90014DB61 /* DoinIt */ = {
			isa = PBXNativeTarget;
			buildConfigurationList = 490B44B722EB03CA0014DB61 /* Build configuration list for PBXNativeTarget "DoinIt" */;
			buildPhases = (
				490B449C22EB03C90014DB61 /* Sources */,
				490B449D22EB03C90014DB61 /* Frameworks */,
				490B449E22EB03C90014DB61 /* Resources */,
			);
			buildRules = (
			);
			dependencies = (
			);
			name = DoinIt;
			productName = DoinIt;
			productReference = 490B44A022EB03C90014DB61 /* DoinIt.app */;
			productType = "com.apple.product-type.application";
		};
/* End PBXNativeTarget section */

/* Begin PBXProject section */
		490B449822EB03C90014DB61 /* Project object */ = {
			isa = PBXProject;
			attributes = {
				LastSwiftUpdateCheck = 1100;
				LastUpgradeCheck = 1100;
				ORGANIZATIONNAME = Andrew;
				TargetAttributes = {
					490B449F22EB03C90014DB61 = {
						CreatedOnToolsVersion = 11.0;
					};
				};
			};
			buildConfigurationList = 490B449B22EB03C90014DB61 /* Build configuration list for PBXProject "DoinIt" */;
			compatibilityVersion = "Xcode 9.3";
			developmentRegion = en;
			hasScannedForEncodings = 0;
			knownRegions = (
				en,
				Base,
			);
			mainGroup = 490B449722EB03C90014DB61;
			productRefGroup = 490B44A122EB03C90014DB61 /* Products */;
			projectDirPath = "";
			projectRoot = "";
			targets = (
				490B449F22EB03C90014DB61 /* DoinIt */,
			);
		};
/* End PBXProject section */

/* Begin PBXResourcesBuildPhase section */
		490B449E22EB03C90014DB61 /* Resources */ = {
			isa = PBXResourcesBuildPhase;
			buildActionMask = 2147483647;
			files = (
				490B44B322EB03CA0014DB61 /* LaunchScreen.storyboard in Resources */,
				490B44B022EB03CA0014DB61 /* Preview Assets.xcassets in Resources */,
				490B44AD22EB03CA0014DB61 /* Assets.xcassets in Resources */,
			);
			runOnlyForDeploymentPostprocessing = 0;
		};
/* End PBXResourcesBuildPhase section */

/* Begin PBXSourcesBuildPhase section */
		490B449C22EB03C90014DB61 /* Sources */ = {
			isa = PBXSourcesBuildPhase;
			buildActionMask = 2147483647;
			files = (
				4932DB1E22ED05B300C154FF /* NewToDo.swift in Sources */,
				490B44A422EB03C90014DB61 /* AppDelegate.swift in Sources */,
				490B44A922EB03C90014DB61 /* DoinIt.xcdatamodeld in Sources */,
				49F6669D22EC7F7A007E4FAD /* ToDoRow.swift in Sources */,
				4932DB1C22EC903200C154FF /* ToDoDetail.swift in Sources */,
				49F6669F22EC7F9B007E4FAD /* ToDo.swift in Sources */,
				490B44AB22EB03C90014DB61 /* ContentView.swift in Sources */,
				490B44A622EB03C90014DB61 /* SceneDelegate.swift in Sources */,
			);
			runOnlyForDeploymentPostprocessing = 0;
		};
/* End PBXSourcesBuildPhase section */

/* Begin PBXVariantGroup section */
		490B44B122EB03CA0014DB61 /* LaunchScreen.storyboard */ = {
			isa = PBXVariantGroup;
			children = (
				490B44B222EB03CA0014DB61 /* Base */,
			);
			name = LaunchScreen.storyboard;
			sourceTree = "<group>";
		};
/* End PBXVariantGroup section */

/* Begin XCBuildConfiguration section */
		490B44B522EB03CA0014DB61 /* Debug */ = {
			isa = XCBuildConfiguration;
			buildSettings = {
				ALWAYS_SEARCH_USER_PATHS = NO;
				CLANG_ANALYZER_NONNULL = YES;
				CLANG_ANALYZER_NUMBER_OBJECT_CONVERSION = YES_AGGRESSIVE;
				CLANG_CXX_LANGUAGE_STANDARD = "gnu++14";
				CLANG_CXX_LIBRARY = "libc++";
				CLANG_ENABLE_MODULES = YES;
				CLANG_ENABLE_OBJC_ARC = YES;
				CLANG_ENABLE_OBJC_WEAK = YES;
				CLANG_WARN_BLOCK_CAPTURE_AUTORELEASING = YES;
				CLANG_WARN_BOOL_CONVERSION = YES;
				CLANG_WARN_COMMA = YES;
				CLANG_WARN_CONSTANT_CONVERSION = YES;
				CLANG_WARN_DEPRECATED_OBJC_IMPLEMENTATIONS = YES;
				CLANG_WARN_DIRECT_OBJC_ISA_USAGE = YES_ERROR;
				CLANG_WARN_DOCUMENTATION_COMMENTS = YES;
				CLANG_WARN_EMPTY_BODY = YES;
				CLANG_WARN_ENUM_CONVERSION = YES;
				CLANG_WARN_INFINITE_RECURSION = YES;
				CLANG_WARN_INT_CONVERSION = YES;
				CLANG_WARN_NON_LITERAL_NULL_CONVERSION = YES;
				CLANG_WARN_OBJC_IMPLICIT_RETAIN_SELF = YES;
				CLANG_WARN_OBJC_LITERAL_CONVERSION = YES;
				CLANG_WARN_OBJC_ROOT_CLASS = YES_ERROR;
				CLANG_WARN_RANGE_LOOP_ANALYSIS = YES;
				CLANG_WARN_STRICT_PROTOTYPES = YES;
				CLANG_WARN_SUSPICIOUS_MOVE = YES;
				CLANG_WARN_UNGUARDED_AVAILABILITY = YES_AGGRESSIVE;
				CLANG_WARN_UNREACHABLE_CODE = YES;
				CLANG_WARN__DUPLICATE_METHOD_MATCH = YES;
				COPY_PHASE_STRIP = NO;
				DEBUG_INFORMATION_FORMAT = dwarf;
				ENABLE_STRICT_OBJC_MSGSEND = YES;
				ENABLE_TESTABILITY = YES;
				GCC_C_LANGUAGE_STANDARD = gnu11;
				GCC_DYNAMIC_NO_PIC = NO;
				GCC_NO_COMMON_BLOCKS = YES;
				GCC_OPTIMIZATION_LEVEL = 0;
				GCC_PREPROCESSOR_DEFINITIONS = (
					"DEBUG=1",
					"$(inherited)",
				);
				GCC_WARN_64_TO_32_BIT_CONVERSION = YES;
				GCC_WARN_ABOUT_RETURN_TYPE = YES_ERROR;
				GCC_WARN_UNDECLARED_SELECTOR = YES;
				GCC_WARN_UNINITIALIZED_AUTOS = YES_AGGRESSIVE;
				GCC_WARN_UNUSED_FUNCTION = YES;
				GCC_WARN_UNUSED_VARIABLE = YES;
				IPHONEOS_DEPLOYMENT_TARGET = 13.0;
				MTL_ENABLE_DEBUG_INFO = INCLUDE_SOURCE;
				MTL_FAST_MATH = YES;
				ONLY_ACTIVE_ARCH = YES;
				SDKROOT = iphoneos;
				SWIFT_ACTIVE_COMPILATION_CONDITIONS = DEBUG;
				SWIFT_OPTIMIZATION_LEVEL = "-Onone";
			};
			name = Debug;
		};
		490B44B622EB03CA0014DB61 /* Release */ = {
			isa = XCBuildConfiguration;
			buildSettings = {
				ALWAYS_SEARCH_USER_PATHS = NO;
				CLANG_ANALYZER_NONNULL = YES;
				CLANG_ANALYZER_NUMBER_OBJECT_CONVERSION = YES_AGGRESSIVE;
				CLANG_CXX_LANGUAGE_STANDARD = "gnu++14";
				CLANG_CXX_LIBRARY = "libc++";
				CLANG_ENABLE_MODULES = YES;
				CLANG_ENABLE_OBJC_ARC = YES;
				CLANG_ENABLE_OBJC_WEAK = YES;
				CLANG_WARN_BLOCK_CAPTURE_AUTORELEASING = YES;
				CLANG_WARN_BOOL_CONVERSION = YES;
				CLANG_WARN_COMMA = YES;
				CLANG_WARN_CONSTANT_CONVERSION = YES;
				CLANG_WARN_DEPRECATED_OBJC_IMPLEMENTATIONS = YES;
				CLANG_WARN_DIRECT_OBJC_ISA_USAGE = YES_ERROR;
				CLANG_WARN_DOCUMENTATION_COMMENTS = YES;
				CLANG_WARN_EMPTY_BODY = YES;
				CLANG_WARN_ENUM_CONVERSION = YES;
				CLANG_WARN_INFINITE_RECURSION = YES;
				CLANG_WARN_INT_CONVERSION = YES;
				CLANG_WARN_NON_LITERAL_NULL_CONVERSION = YES;
				CLANG_WARN_OBJC_IMPLICIT_RETAIN_SELF = YES;
				CLANG_WARN_OBJC_LITERAL_CONVERSION = YES;
				CLANG_WARN_OBJC_ROOT_CLASS = YES_ERROR;
				CLANG_WARN_RANGE_LOOP_ANALYSIS = YES;
				CLANG_WARN_STRICT_PROTOTYPES = YES;
				CLANG_WARN_SUSPICIOUS_MOVE = YES;
				CLANG_WARN_UNGUARDED_AVAILABILITY = YES_AGGRESSIVE;
				CLANG_WARN_UNREACHABLE_CODE = YES;
				CLANG_WARN__DUPLICATE_METHOD_MATCH = YES;
				COPY_PHASE_STRIP = NO;
				DEBUG_INFORMATION_FORMAT = "dwarf-with-dsym";
				ENABLE_NS_ASSERTIONS = NO;
				ENABLE_STRICT_OBJC_MSGSEND = YES;
				GCC_C_LANGUAGE_STANDARD = gnu11;
				GCC_NO_COMMON_BLOCKS = YES;
				GCC_WARN_64_TO_32_BIT_CONVERSION = YES;
				GCC_WARN_ABOUT_RETURN_TYPE = YES_ERROR;
				GCC_WARN_UNDECLARED_SELECTOR = YES;
				GCC_WARN_UNINITIALIZED_AUTOS = YES_AGGRESSIVE;
				GCC_WARN_UNUSED_FUNCTION = YES;
				GCC_WARN_UNUSED_VARIABLE = YES;
				IPHONEOS_DEPLOYMENT_TARGET = 13.0;
				MTL_ENABLE_DEBUG_INFO = NO;
				MTL_FAST_MATH = YES;
				SDKROOT = iphoneos;
				SWIFT_COMPILATION_MODE = wholemodule;
				SWIFT_OPTIMIZATION_LEVEL = "-O";
				VALIDATE_PRODUCT = YES;
			};
			name = Release;
		};
		490B44B822EB03CA0014DB61 /* Debug */ = {
			isa = XCBuildConfiguration;
			buildSettings = {
				ASSETCATALOG_COMPILER_APPICON_NAME = AppIcon;
				CODE_SIGN_STYLE = Automatic;
				DEVELOPMENT_ASSET_PATHS = "DoinIt/Preview\\ Content";
				ENABLE_PREVIEWS = YES;
				INFOPLIST_FILE = DoinIt/Info.plist;
				LD_RUNPATH_SEARCH_PATHS = (
					"$(inherited)",
					"@executable_path/Frameworks",
				);
				PRODUCT_BUNDLE_IDENTIFIER = com.acodeguy.DoinIt;
				PRODUCT_NAME = "$(TARGET_NAME)";
				SWIFT_VERSION = 5.0;
				TARGETED_DEVICE_FAMILY = "1,2";
			};
			name = Debug;
		};
		490B44B922EB03CA0014DB61 /* Release */ = {
			isa = XCBuildConfiguration;
			buildSettings = {
				ASSETCATALOG_COMPILER_APPICON_NAME = AppIcon;
				CODE_SIGN_STYLE = Automatic;
				DEVELOPMENT_ASSET_PATHS = "DoinIt/Preview\\ Content";
				ENABLE_PREVIEWS = YES;
				INFOPLIST_FILE = DoinIt/Info.plist;
				LD_RUNPATH_SEARCH_PATHS = (
					"$(inherited)",
					"@executable_path/Frameworks",
				);
				PRODUCT_BUNDLE_IDENTIFIER = com.acodeguy.DoinIt;
				PRODUCT_NAME = "$(TARGET_NAME)";
				SWIFT_VERSION = 5.0;
				TARGETED_DEVICE_FAMILY = "1,2";
			};
			name = Release;
		};
/* End XCBuildConfiguration section */

/* Begin XCConfigurationList section */
		490B449B22EB03C90014DB61 /* Build configuration list for PBXProject "DoinIt" */ = {
			isa = XCConfigurationList;
			buildConfigurations = (
				490B44B522EB03CA0014DB61 /* Debug */,
				490B44B622EB03CA0014DB61 /* Release */,
			);
			defaultConfigurationIsVisible = 0;
			defaultConfigurationName = Release;
		};
		490B44B722EB03CA0014DB61 /* Build configuration list for PBXNativeTarget "DoinIt" */ = {
			isa = XCConfigurationList;
			buildConfigurations = (
				490B44B822EB03CA0014DB61 /* Debug */,
				490B44B922EB03CA0014DB61 /* Release */,
			);
			defaultConfigurationIsVisible = 0;
			defaultConfigurationName = Release;
		};
/* End XCConfigurationList section */

/* Begin XCVersionGroup section */
		490B44A722EB03C90014DB61 /* DoinIt.xcdatamodeld */ = {
			isa = XCVersionGroup;
			children = (
				490B44A822EB03C90014DB61 /* DoinIt.xcdatamodel */,
			);
			currentVersion = 490B44A822EB03C90014DB61 /* DoinIt.xcdatamodel */;
			path = DoinIt.xcdatamodeld;
			sourceTree = "<group>";
			versionGroupType = wrapper.xcdatamodel;
		};
/* End XCVersionGroup section */
	};
	rootObject = 490B449822EB03C90014DB61 /* Project object */;
}
